
Microsoft Visual Studio Solution File, Format Version 12.00
# Visual Studio 2013
VisualStudioVersion = 12.0.31101.0
MinimumVisualStudioVersion = 10.0.40219.1
Project("{F2A71F9B-5D33-465A-A702-920D77279786}") = "InteractiveProvider", "InteractiveProvider\InteractiveProvider.fsproj", "{963E5CF4-A8D4-4ED3-B5FB-DC74E828E30B}"
EndProject
Project("{F2A71F9B-5D33-465A-A702-920D77279786}") = "BASIC_Anniversary", "BASIC_Anniversary\BASIC_Anniversary.fsproj", "{FA546CC8-1B93-49A3-8F81-20A9ACC36B4C}"
EndProject
Project("{F2A71F9B-5D33-465A-A702-920D77279786}") = "InteractiveProviderInterfaces", "InteractiveProviderInterfaces\InteractiveProviderInterfaces.fsproj", "{345CDABE-8DD0-47D0-9B0A-497A96B1DCE2}"
EndProject
Project("{F2A71F9B-5D33-465A-A702-920D77279786}") = "FightingFantasy", "FightingFantasy\FightingFantasy.fsproj", "{04985F56-C0F6-4E55-B50A-FFE1B1A12999}"
EndProject
Project("{F2A71F9B-5D33-465A-A702-920D77279786}") = "Battleships", "Battleships\Battleships.fsproj", "{09F966E5-B1A9-41A9-85A4-C19FEC2DF4B8}"
EndProject
Project("{F2A71F9B-5D33-465A-A702-920D77279786}") = "XMAS_2014", "XMAS_2014\XMAS_2014.fsproj", "{B9AAD464-FA6B-49F3-AC20-8E20042F96A1}"
EndProject
Project("{F2A71F9B-5D33-465A-A702-920D77279786}") = "Enigma", "Enigma\Enigma.fsproj", "{9F6E2A4D-2A51-417B-B218-9754AEC19CDB}"
EndProject
Project("{F2A71F9B-5D33-465A-A702-920D77279786}") = "FSI", "FSI\FSI.fsproj", "{7402E8D7-7E93-4ADE-B2D9-BAD4A8CA9B27}"
EndProject
Global
	GlobalSection(SolutionConfigurationPlatforms) = preSolution
		Debug|Any CPU = Debug|Any CPU
		Release|Any CPU = Release|Any CPU
	EndGlobalSection
	GlobalSection(ProjectConfigurationPlatforms) = postSolution
		{963E5CF4-A8D4-4ED3-B5FB-DC74E828E30B}.Debug|Any CPU.ActiveCfg = Debug|Any CPU
		{963E5CF4-A8D4-4ED3-B5FB-DC74E828E30B}.Debug|Any CPU.Build.0 = Debug|Any CPU
		{963E5CF4-A8D4-4ED3-B5FB-DC74E828E30B}.Release|Any CPU.ActiveCfg = Release|Any CPU
		{963E5CF4-A8D4-4ED3-B5FB-DC74E828E30B}.Release|Any CPU.Build.0 = Release|Any CPU
		{FA546CC8-1B93-49A3-8F81-20A9ACC36B4C}.Debug|Any CPU.ActiveCfg = Debug|Any CPU
		{FA546CC8-1B93-49A3-8F81-20A9ACC36B4C}.Debug|Any CPU.Build.0 = Debug|Any CPU
		{FA546CC8-1B93-49A3-8F81-20A9ACC36B4C}.Release|Any CPU.ActiveCfg = Release|Any CPU
		{FA546CC8-1B93-49A3-8F81-20A9ACC36B4C}.Release|Any CPU.Build.0 = Release|Any CPU
		{345CDABE-8DD0-47D0-9B0A-497A96B1DCE2}.Debug|Any CPU.ActiveCfg = Debug|Any CPU
		{345CDABE-8DD0-47D0-9B0A-497A96B1DCE2}.Debug|Any CPU.Build.0 = Debug|Any CPU
		{345CDABE-8DD0-47D0-9B0A-497A96B1DCE2}.Release|Any CPU.ActiveCfg = Release|Any CPU
		{345CDABE-8DD0-47D0-9B0A-497A96B1DCE2}.Release|Any CPU.Build.0 = Release|Any CPU
		{04985F56-C0F6-4E55-B50A-FFE1B1A12999}.Debug|Any CPU.ActiveCfg = Debug|Any CPU
		{04985F56-C0F6-4E55-B50A-FFE1B1A12999}.Debug|Any CPU.Build.0 = Debug|Any CPU
		{04985F56-C0F6-4E55-B50A-FFE1B1A12999}.Release|Any CPU.ActiveCfg = Release|Any CPU
		{04985F56-C0F6-4E55-B50A-FFE1B1A12999}.Release|Any CPU.Build.0 = Release|Any CPU
		{09F966E5-B1A9-41A9-85A4-C19FEC2DF4B8}.Debug|Any CPU.ActiveCfg = Debug|Any CPU
		{09F966E5-B1A9-41A9-85A4-C19FEC2DF4B8}.Debug|Any CPU.Build.0 = Debug|Any CPU
		{09F966E5-B1A9-41A9-85A4-C19FEC2DF4B8}.Release|Any CPU.ActiveCfg = Release|Any CPU
		{09F966E5-B1A9-41A9-85A4-C19FEC2DF4B8}.Release|Any CPU.Build.0 = Release|Any CPU
		{B9AAD464-FA6B-49F3-AC20-8E20042F96A1}.Debug|Any CPU.ActiveCfg = Debug|Any CPU
		{B9AAD464-FA6B-49F3-AC20-8E20042F96A1}.Debug|Any CPU.Build.0 = Debug|Any CPU
		{B9AAD464-FA6B-49F3-AC20-8E20042F96A1}.Release|Any CPU.ActiveCfg = Release|Any CPU
		{B9AAD464-FA6B-49F3-AC20-8E20042F96A1}.Release|Any CPU.Build.0 = Release|Any CPU
		{9F6E2A4D-2A51-417B-B218-9754AEC19CDB}.Debug|Any CPU.ActiveCfg = Debug|Any CPU
		{9F6E2A4D-2A51-417B-B218-9754AEC19CDB}.Debug|Any CPU.Build.0 = Debug|Any CPU
		{9F6E2A4D-2A51-417B-B218-9754AEC19CDB}.Release|Any CPU.ActiveCfg = Release|Any CPU
		{9F6E2A4D-2A51-417B-B218-9754AEC19CDB}.Release|Any CPU.Build.0 = Release|Any CPU
		{7402E8D7-7E93-4ADE-B2D9-BAD4A8CA9B27}.Debug|Any CPU.ActiveCfg = Debug|Any CPU
		{7402E8D7-7E93-4ADE-B2D9-BAD4A8CA9B27}.Debug|Any CPU.Build.0 = Debug|Any CPU
		{7402E8D7-7E93-4ADE-B2D9-BAD4A8CA9B27}.Release|Any CPU.ActiveCfg = Release|Any CPU
		{7402E8D7-7E93-4ADE-B2D9-BAD4A8CA9B27}.Release|Any CPU.Build.0 = Release|Any CPU
	EndGlobalSection
	GlobalSection(SolutionProperties) = preSolution
		HideSolutionNode = FALSE
	EndGlobalSection
EndGlobal
